// !$*UTF8*$!
{
	archiveVersion = 1;
	classes = {
	};
	objectVersion = 50;
	objects = {

/* Begin PBXBuildFile section */
		D96549AD225C641B004713FB /* AppDelegate.swift in Sources */ = {isa = PBXBuildFile; fileRef = D96549AC225C641B004713FB /* AppDelegate.swift */; };
		D96549AF225C641B004713FB /* ViewController.swift in Sources */ = {isa = PBXBuildFile; fileRef = D96549AE225C641B004713FB /* ViewController.swift */; };
		D96549B2225C641B004713FB /* Main.storyboard in Resources */ = {isa = PBXBuildFile; fileRef = D96549B0225C641B004713FB /* Main.storyboard */; };
		D96549B4225C641C004713FB /* Assets.xcassets in Resources */ = {isa = PBXBuildFile; fileRef = D96549B3225C641C004713FB /* Assets.xcassets */; };
		D96549B7225C641C004713FB /* LaunchScreen.storyboard in Resources */ = {isa = PBXBuildFile; fileRef = D96549B5225C641C004713FB /* LaunchScreen.storyboard */; };
		D96549C0225C6458004713FB /* View1.xib in Resources */ = {isa = PBXBuildFile; fileRef = D96549BF225C6458004713FB /* View1.xib */; };
		D96549C2225C6464004713FB /* View2.xib in Resources */ = {isa = PBXBuildFile; fileRef = D96549C1225C6464004713FB /* View2.xib */; };
		D96549C4225C64C5004713FB /* View1.swift in Sources */ = {isa = PBXBuildFile; fileRef = D96549C3225C64C5004713FB /* View1.swift */; };
		D96549C8225C64DB004713FB /* View2.swift in Sources */ = {isa = PBXBuildFile; fileRef = D96549C7225C64DB004713FB /* View2.swift */; };
/* End PBXBuildFile section */

/* Begin PBXFileReference section */
		D96549A9225C641B004713FB /* PR_storyboard&Nib.app */ = {isa = PBXFileReference; explicitFileType = wrapper.application; includeInIndex = 0; path = "PR_storyboard&Nib.app"; sourceTree = BUILT_PRODUCTS_DIR; };
		D96549AC225C641B004713FB /* AppDelegate.swift */ = {isa = PBXFileReference; lastKnownFileType = sourcecode.swift; path = AppDelegate.swift; sourceTree = "<group>"; };
		D96549AE225C641B004713FB /* ViewController.swift */ = {isa = PBXFileReference; lastKnownFileType = sourcecode.swift; path = ViewController.swift; sourceTree = "<group>"; };
		D96549B1225C641B004713FB /* Base */ = {isa = PBXFileReference; lastKnownFileType = file.storyboard; name = Base; path = Base.lproj/Main.storyboard; sourceTree = "<group>"; };
		D96549B3225C641C004713FB /* Assets.xcassets */ = {isa = PBXFileReference; lastKnownFileType = folder.assetcatalog; path = Assets.xcassets; sourceTree = "<group>"; };
		D96549B6225C641C004713FB /* Base */ = {isa = PBXFileReference; lastKnownFileType = file.storyboard; name = Base; path = Base.lproj/LaunchScreen.storyboard; sourceTree = "<group>"; };
		D96549B8225C641C004713FB /* Info.plist */ = {isa = PBXFileReference; lastKnownFileType = text.plist.xml; path = Info.plist; sourceTree = "<group>"; };
		D96549BF225C6458004713FB /* View1.xib */ = {isa = PBXFileReference; lastKnownFileType = file.xib; path = View1.xib; sourceTree = "<group>"; };
		D96549C1225C6464004713FB /* View2.xib */ = {isa = PBXFileReference; lastKnownFileType = file.xib; path = View2.xib; sourceTree = "<group>"; };
		D96549C3225C64C5004713FB /* View1.swift */ = {isa = PBXFileReference; lastKnownFileType = sourcecode.swift; path = View1.swift; sourceTree = "<group>"; };
		D96549C7225C64DB004713FB /* View2.swift */ = {isa = PBXFileReference; lastKnownFileType = sourcecode.swift; path = View2.swift; sourceTree = "<group>"; };
/* End PBXFileReference section */

/* Begin PBXFrameworksBuildPhase section */
		D96549A6225C641B004713FB /* Frameworks */ = {
			isa = PBXFrameworksBuildPhase;
			buildActionMask = 2147483647;
			files = (
			);
			runOnlyForDeploymentPostprocessing = 0;
		};
/* End PBXFrameworksBuildPhase section */

/* Begin PBXGroup section */
		D96549A0225C641B004713FB = {
			isa = PBXGroup;
			children = (
				D96549AB225C641B004713FB /* PR_storyboard&Nib */,
				D96549AA225C641B004713FB /* Products */,
			);
			sourceTree = "<group>";
		};
		D96549AA225C641B004713FB /* Products */ = {
			isa = PBXGroup;
			children = (
				D96549A9225C641B004713FB /* PR_storyboard&Nib.app */,
			);
			name = Products;
			sourceTree = "<group>";
		};
		D96549AB225C641B004713FB /* PR_storyboard&Nib */ = {
			isa = PBXGroup;
			children = (
				D96549BE225C6444004713FB /* Views */,
				D96549AC225C641B004713FB /* AppDelegate.swift */,
				D96549AE225C641B004713FB /* ViewController.swift */,
				D96549B3225C641C004713FB /* Assets.xcassets */,
				D96549B8225C641C004713FB /* Info.plist */,
				D96549C3225C64C5004713FB /* View1.swift */,
				D96549C7225C64DB004713FB /* View2.swift */,
			);
			path = "PR_storyboard&Nib";
			sourceTree = "<group>";
		};
		D96549BE225C6444004713FB /* Views */ = {
			isa = PBXGroup;
			children = (
				D96549B0225C641B004713FB /* Main.storyboard */,
				D96549B5225C641C004713FB /* LaunchScreen.storyboard */,
				D96549BF225C6458004713FB /* View1.xib */,
				D96549C1225C6464004713FB /* View2.xib */,
			);
			path = Views;
			sourceTree = "<group>";
		};
/* End PBXGroup section */

/* Begin PBXNativeTarget section */
		D96549A8225C641B004713FB /* PR_storyboard&Nib */ = {
			isa = PBXNativeTarget;
			buildConfigurationList = D96549BB225C641C004713FB /* Build configuration list for PBXNativeTarget "PR_storyboard&Nib" */;
			buildPhases = (
				D96549A5225C641B004713FB /* Sources */,
				D96549A6225C641B004713FB /* Frameworks */,
				D96549A7225C641B004713FB /* Resources */,
			);
			buildRules = (
			);
			dependencies = (
			);
			name = "PR_storyboard&Nib";
			productName = "PR_storyboard&Nib";
			productReference = D96549A9225C641B004713FB /* PR_storyboard&Nib.app */;
			productType = "com.apple.product-type.application";
		};
/* End PBXNativeTarget section */

/* Begin PBXProject section */
		D96549A1225C641B004713FB /* Project object */ = {
			isa = PBXProject;
			attributes = {
				LastSwiftUpdateCheck = 1020;
				LastUpgradeCheck = 1020;
				ORGANIZATIONNAME = onemoonStudio;
				TargetAttributes = {
					D96549A8225C641B004713FB = {
						CreatedOnToolsVersion = 10.2;
					};
				};
			};
			buildConfigurationList = D96549A4225C641B004713FB /* Build configuration list for PBXProject "PR_storyboard&Nib" */;
			compatibilityVersion = "Xcode 9.3";
			developmentRegion = en;
			hasScannedForEncodings = 0;
			knownRegions = (
				en,
				Base,
			);
			mainGroup = D96549A0225C641B004713FB;
			productRefGroup = D96549AA225C641B004713FB /* Products */;
			projectDirPath = "";
			projectRoot = "";
			targets = (
				D96549A8225C641B004713FB /* PR_storyboard&Nib */,
			);
		};
/* End PBXProject section */

/* Begin PBXResourcesBuildPhase section */
		D96549A7225C641B004713FB /* Resources */ = {
			isa = PBXResourcesBuildPhase;
			buildActionMask = 2147483647;
			files = (
				D96549B7225C641C004713FB /* LaunchScreen.storyboard in Resources */,
				D96549B4225C641C004713FB /* Assets.xcassets in Resources */,
				D96549C0225C6458004713FB /* View1.xib in Resources */,
				D96549C2225C6464004713FB /* View2.xib in Resources */,
				D96549B2225C641B004713FB /* Main.storyboard in Resources */,
			);
			runOnlyForDeploymentPostprocessing = 0;
		};
/* End PBXResourcesBuildPhase section */

/* Begin PBXSourcesBuildPhase section */
		D96549A5225C641B004713FB /* Sources */ = {
			isa = PBXSourcesBuildPhase;
			buildActionMask = 2147483647;
			files = (
				D96549AF225C641B004713FB /* ViewController.swift in Sources */,
				D96549C4225C64C5004713FB /* View1.swift in Sources */,
				D96549AD225C641B004713FB /* AppDelegate.swift in Sources */,
				D96549C8225C64DB004713FB /* View2.swift in Sources */,
			);
			runOnlyForDeploymentPostprocessing = 0;
		};
/* End PBXSourcesBuildPhase section */

/* Begin PBXVariantGroup section */
		D96549B0225C641B004713FB /* Main.storyboard */ = {
			isa = PBXVariantGroup;
			children = (
				D96549B1225C641B004713FB /* Base */,
			);
			name = Main.storyboard;
			sourceTree = "<group>";
		};
		D96549B5225C641C004713FB /* LaunchScreen.storyboard */ = {
			isa = PBXVariantGroup;
			children = (
				D96549B6225C641C004713FB /* Base */,
			);
			name = LaunchScreen.storyboard;
			sourceTree = "<group>";
		};
/* End PBXVariantGroup section */

/* Begin XCBuildConfiguration section */
		D96549B9225C641C004713FB /* Debug */ = {
			isa = XCBuildConfiguration;
			buildSettings = {
				ALWAYS_SEARCH_USER_PATHS = NO;
				CLANG_ANALYZER_NONNULL = YES;
				CLANG_ANALYZER_NUMBER_OBJECT_CONVERSION = YES_AGGRESSIVE;
				CLANG_CXX_LANGUAGE_STANDARD = "gnu++14";
				CLANG_CXX_LIBRARY = "libc++";
				CLANG_ENABLE_MODULES = YES;
				CLANG_ENABLE_OBJC_ARC = YES;
				CLANG_ENABLE_OBJC_WEAK = YES;
				CLANG_WARN_BLOCK_CAPTURE_AUTORELEASING = YES;
				CLANG_WARN_BOOL_CONVERSION = YES;
				CLANG_WARN_COMMA = YES;
				CLANG_WARN_CONSTANT_CONVERSION = YES;
				CLANG_WARN_DEPRECATED_OBJC_IMPLEMENTATIONS = YES;
				CLANG_WARN_DIRECT_OBJC_ISA_USAGE = YES_ERROR;
				CLANG_WARN_DOCUMENTATION_COMMENTS = YES;
				CLANG_WARN_EMPTY_BODY = YES;
				CLANG_WARN_ENUM_CONVERSION = YES;
				CLANG_WARN_INFINITE_RECURSION = YES;
				CLANG_WARN_INT_CONVERSION = YES;
				CLANG_WARN_NON_LITERAL_NULL_CONVERSION = YES;
				CLANG_WARN_OBJC_IMPLICIT_RETAIN_SELF = YES;
				CLANG_WARN_OBJC_LITERAL_CONVERSION = YES;
				CLANG_WARN_OBJC_ROOT_CLASS = YES_ERROR;
				CLANG_WARN_RANGE_LOOP_ANALYSIS = YES;
				CLANG_WARN_STRICT_PROTOTYPES = YES;
				CLANG_WARN_SUSPICIOUS_MOVE = YES;
				CLANG_WARN_UNGUARDED_AVAILABILITY = YES_AGGRESSIVE;
				CLANG_WARN_UNREACHABLE_CODE = YES;
				CLANG_WARN__DUPLICATE_METHOD_MATCH = YES;
				CODE_SIGN_IDENTITY = "iPhone Developer";
				COPY_PHASE_STRIP = NO;
				DEBUG_INFORMATION_FORMAT = dwarf;
				ENABLE_STRICT_OBJC_MSGSEND = YES;
				ENABLE_TESTABILITY = YES;
				GCC_C_LANGUAGE_STANDARD = gnu11;
				GCC_DYNAMIC_NO_PIC = NO;
				GCC_NO_COMMON_BLOCKS = YES;
				GCC_OPTIMIZATION_LEVEL = 0;
				GCC_PREPROCESSOR_DEFINITIONS = (
					"DEBUG=1",
					"$(inherited)",
				);
				GCC_WARN_64_TO_32_BIT_CONVERSION = YES;
				GCC_WARN_ABOUT_RETURN_TYPE = YES_ERROR;
				GCC_WARN_UNDECLARED_SELECTOR = YES;
				GCC_WARN_UNINITIALIZED_AUTOS = YES_AGGRESSIVE;
				GCC_WARN_UNUSED_FUNCTION = YES;
				GCC_WARN_UNUSED_VARIABLE = YES;
				IPHONEOS_DEPLOYMENT_TARGET = 12.2;
				MTL_ENABLE_DEBUG_INFO = INCLUDE_SOURCE;
				MTL_FAST_MATH = YES;
				ONLY_ACTIVE_ARCH = YES;
				SDKROOT = iphoneos;
				SWIFT_ACTIVE_COMPILATION_CONDITIONS = DEBUG;
				SWIFT_OPTIMIZATION_LEVEL = "-Onone";
			};
			name = Debug;
		};
		D96549BA225C641C004713FB /* Release */ = {
			isa = XCBuildConfiguration;
			buildSettings = {
				ALWAYS_SEARCH_USER_PATHS = NO;
				CLANG_ANALYZER_NONNULL = YES;
				CLANG_ANALYZER_NUMBER_OBJECT_CONVERSION = YES_AGGRESSIVE;
				CLANG_CXX_LANGUAGE_STANDARD = "gnu++14";
				CLANG_CXX_LIBRARY = "libc++";
				CLANG_ENABLE_MODULES = YES;
				CLANG_ENABLE_OBJC_ARC = YES;
				CLANG_ENABLE_OBJC_WEAK = YES;
				CLANG_WARN_BLOCK_CAPTURE_AUTORELEASING = YES;
				CLANG_WARN_BOOL_CONVERSION = YES;
				CLANG_WARN_COMMA = YES;
				CLANG_WARN_CONSTANT_CONVERSION = YES;
				CLANG_WARN_DEPRECATED_OBJC_IMPLEMENTATIONS = YES;
				CLANG_WARN_DIRECT_OBJC_ISA_USAGE = YES_ERROR;
				CLANG_WARN_DOCUMENTATION_COMMENTS = YES;
				CLANG_WARN_EMPTY_BODY = YES;
				CLANG_WARN_ENUM_CONVERSION = YES;
				CLANG_WARN_INFINITE_RECURSION = YES;
				CLANG_WARN_INT_CONVERSION = YES;
				CLANG_WARN_NON_LITERAL_NULL_CONVERSION = YES;
				CLANG_WARN_OBJC_IMPLICIT_RETAIN_SELF = YES;
				CLANG_WARN_OBJC_LITERAL_CONVERSION = YES;
				CLANG_WARN_OBJC_ROOT_CLASS = YES_ERROR;
				CLANG_WARN_RANGE_LOOP_ANALYSIS = YES;
				CLANG_WARN_STRICT_PROTOTYPES = YES;
				CLANG_WARN_SUSPICIOUS_MOVE = YES;
				CLANG_WARN_UNGUARDED_AVAILABILITY = YES_AGGRESSIVE;
				CLANG_WARN_UNREACHABLE_CODE = YES;
				CLANG_WARN__DUPLICATE_METHOD_MATCH = YES;
				CODE_SIGN_IDENTITY = "iPhone Developer";
				COPY_PHASE_STRIP = NO;
				DEBUG_INFORMATION_FORMAT = "dwarf-with-dsym";
				ENABLE_NS_ASSERTIONS = NO;
				ENABLE_STRICT_OBJC_MSGSEND = YES;
				GCC_C_LANGUAGE_STANDARD = gnu11;
				GCC_NO_COMMON_BLOCKS = YES;
				GCC_WARN_64_TO_32_BIT_CONVERSION = YES;
				GCC_WARN_ABOUT_RETURN_TYPE = YES_ERROR;
				GCC_WARN_UNDECLARED_SELECTOR = YES;
				GCC_WARN_UNINITIALIZED_AUTOS = YES_AGGRESSIVE;
				GCC_WARN_UNUSED_FUNCTION = YES;
				GCC_WARN_UNUSED_VARIABLE = YES;
				IPHONEOS_DEPLOYMENT_TARGET = 12.2;
				MTL_ENABLE_DEBUG_INFO = NO;
				MTL_FAST_MATH = YES;
				SDKROOT = iphoneos;
				SWIFT_COMPILATION_MODE = wholemodule;
				SWIFT_OPTIMIZATION_LEVEL = "-O";
				VALIDATE_PRODUCT = YES;
			};
			name = Release;
		};
		D96549BC225C641C004713FB /* Debug */ = {
			isa = XCBuildConfiguration;
			buildSettings = {
				ASSETCATALOG_COMPILER_APPICON_NAME = AppIcon;
				CODE_SIGN_STYLE = Automatic;
				INFOPLIST_FILE = "PR_storyboard&Nib/Info.plist";
				LD_RUNPATH_SEARCH_PATHS = (
					"$(inherited)",
					"@executable_path/Frameworks",
				);
				PRODUCT_BUNDLE_IDENTIFIER = "com.onemoon.PR-storyboard-Nib";
				PRODUCT_NAME = "$(TARGET_NAME)";
				SWIFT_VERSION = 5.0;
				TARGETED_DEVICE_FAMILY = "1,2";
			};
			name = Debug;
		};
		D96549BD225C641C004713FB /* Release */ = {
			isa = XCBuildConfiguration;
			buildSettings = {
				ASSETCATALOG_COMPILER_APPICON_NAME = AppIcon;
				CODE_SIGN_STYLE = Automatic;
				INFOPLIST_FILE = "PR_storyboard&Nib/Info.plist";
				LD_RUNPATH_SEARCH_PATHS = (
					"$(inherited)",
					"@executable_path/Frameworks",
				);
				PRODUCT_BUNDLE_IDENTIFIER = "com.onemoon.PR-storyboard-Nib";
				PRODUCT_NAME = "$(TARGET_NAME)";
				SWIFT_VERSION = 5.0;
				TARGETED_DEVICE_FAMILY = "1,2";
			};
			name = Release;
		};
/* End XCBuildConfiguration section */

/* Begin XCConfigurationList section */
		D96549A4225C641B004713FB /* Build configuration list for PBXProject "PR_storyboard&Nib" */ = {
			isa = XCConfigurationList;
			buildConfigurations = (
				D96549B9225C641C004713FB /* Debug */,
				D96549BA225C641C004713FB /* Release */,
			);
			defaultConfigurationIsVisible = 0;
			defaultConfigurationName = Release;
		};
		D96549BB225C641C004713FB /* Build configuration list for PBXNativeTarget "PR_storyboard&Nib" */ = {
			isa = XCConfigurationList;
			buildConfigurations = (
				D96549BC225C641C004713FB /* Debug */,
				D96549BD225C641C004713FB /* Release */,
			);
			defaultConfigurationIsVisible = 0;
			defaultConfigurationName = Release;
		};
/* End XCConfigurationList section */
	};
	rootObject = D96549A1225C641B004713FB /* Project object */;
}
