// !$*UTF8*$!
{
	archiveVersion = 1;
	classes = {
	};
	objectVersion = 50;
	objects = {

/* Begin PBXBuildFile section */
		D990F9C721E051690082F8F8 /* AppDelegate.swift in Sources */ = {isa = PBXBuildFile; fileRef = D990F9C621E051690082F8F8 /* AppDelegate.swift */; };
		D990F9C921E051690082F8F8 /* ViewController.swift in Sources */ = {isa = PBXBuildFile; fileRef = D990F9C821E051690082F8F8 /* ViewController.swift */; };
		D990F9CC21E051690082F8F8 /* Main.storyboard in Resources */ = {isa = PBXBuildFile; fileRef = D990F9CA21E051690082F8F8 /* Main.storyboard */; };
		D990F9CE21E0516A0082F8F8 /* Assets.xcassets in Resources */ = {isa = PBXBuildFile; fileRef = D990F9CD21E0516A0082F8F8 /* Assets.xcassets */; };
		D990F9D121E0516A0082F8F8 /* LaunchScreen.storyboard in Resources */ = {isa = PBXBuildFile; fileRef = D990F9CF21E0516A0082F8F8 /* LaunchScreen.storyboard */; };
		D990F9DA21E051CA0082F8F8 /* TestModel.xcdatamodeld in Sources */ = {isa = PBXBuildFile; fileRef = D990F9D821E051CA0082F8F8 /* TestModel.xcdatamodeld */; };
/* End PBXBuildFile section */

/* Begin PBXFileReference section */
		D990F9C321E051690082F8F8 /* PR_CoreData.app */ = {isa = PBXFileReference; explicitFileType = wrapper.application; includeInIndex = 0; path = PR_CoreData.app; sourceTree = BUILT_PRODUCTS_DIR; };
		D990F9C621E051690082F8F8 /* AppDelegate.swift */ = {isa = PBXFileReference; lastKnownFileType = sourcecode.swift; path = AppDelegate.swift; sourceTree = "<group>"; };
		D990F9C821E051690082F8F8 /* ViewController.swift */ = {isa = PBXFileReference; lastKnownFileType = sourcecode.swift; path = ViewController.swift; sourceTree = "<group>"; };
		D990F9CB21E051690082F8F8 /* Base */ = {isa = PBXFileReference; lastKnownFileType = file.storyboard; name = Base; path = Base.lproj/Main.storyboard; sourceTree = "<group>"; };
		D990F9CD21E0516A0082F8F8 /* Assets.xcassets */ = {isa = PBXFileReference; lastKnownFileType = folder.assetcatalog; path = Assets.xcassets; sourceTree = "<group>"; };
		D990F9D021E0516A0082F8F8 /* Base */ = {isa = PBXFileReference; lastKnownFileType = file.storyboard; name = Base; path = Base.lproj/LaunchScreen.storyboard; sourceTree = "<group>"; };
		D990F9D221E0516A0082F8F8 /* Info.plist */ = {isa = PBXFileReference; lastKnownFileType = text.plist.xml; path = Info.plist; sourceTree = "<group>"; };
		D990F9D921E051CA0082F8F8 /* TestModel.xcdatamodel */ = {isa = PBXFileReference; lastKnownFileType = wrapper.xcdatamodel; path = TestModel.xcdatamodel; sourceTree = "<group>"; };
/* End PBXFileReference section */

/* Begin PBXFrameworksBuildPhase section */
		D990F9C021E051690082F8F8 /* Frameworks */ = {
			isa = PBXFrameworksBuildPhase;
			buildActionMask = 2147483647;
			files = (
			);
			runOnlyForDeploymentPostprocessing = 0;
		};
/* End PBXFrameworksBuildPhase section */

/* Begin PBXGroup section */
		D990F9BA21E051690082F8F8 = {
			isa = PBXGroup;
			children = (
				D990F9C521E051690082F8F8 /* PR_CoreData */,
				D990F9C421E051690082F8F8 /* Products */,
			);
			sourceTree = "<group>";
		};
		D990F9C421E051690082F8F8 /* Products */ = {
			isa = PBXGroup;
			children = (
				D990F9C321E051690082F8F8 /* PR_CoreData.app */,
			);
			name = Products;
			sourceTree = "<group>";
		};
		D990F9C521E051690082F8F8 /* PR_CoreData */ = {
			isa = PBXGroup;
			children = (
				D990F9C621E051690082F8F8 /* AppDelegate.swift */,
				D990F9C821E051690082F8F8 /* ViewController.swift */,
				D990F9CA21E051690082F8F8 /* Main.storyboard */,
				D990F9CD21E0516A0082F8F8 /* Assets.xcassets */,
				D990F9CF21E0516A0082F8F8 /* LaunchScreen.storyboard */,
				D990F9D221E0516A0082F8F8 /* Info.plist */,
				D990F9D821E051CA0082F8F8 /* TestModel.xcdatamodeld */,
			);
			path = PR_CoreData;
			sourceTree = "<group>";
		};
/* End PBXGroup section */

/* Begin PBXNativeTarget section */
		D990F9C221E051690082F8F8 /* PR_CoreData */ = {
			isa = PBXNativeTarget;
			buildConfigurationList = D990F9D521E0516A0082F8F8 /* Build configuration list for PBXNativeTarget "PR_CoreData" */;
			buildPhases = (
				D990F9BF21E051690082F8F8 /* Sources */,
				D990F9C021E051690082F8F8 /* Frameworks */,
				D990F9C121E051690082F8F8 /* Resources */,
			);
			buildRules = (
			);
			dependencies = (
			);
			name = PR_CoreData;
			productName = PR_CoreData;
			productReference = D990F9C321E051690082F8F8 /* PR_CoreData.app */;
			productType = "com.apple.product-type.application";
		};
/* End PBXNativeTarget section */

/* Begin PBXProject section */
		D990F9BB21E051690082F8F8 /* Project object */ = {
			isa = PBXProject;
			attributes = {
				LastSwiftUpdateCheck = 1010;
				LastUpgradeCheck = 1010;
				ORGANIZATIONNAME = onemoon;
				TargetAttributes = {
					D990F9C221E051690082F8F8 = {
						CreatedOnToolsVersion = 10.1;
					};
				};
			};
			buildConfigurationList = D990F9BE21E051690082F8F8 /* Build configuration list for PBXProject "PR_CoreData" */;
			compatibilityVersion = "Xcode 9.3";
			developmentRegion = en;
			hasScannedForEncodings = 0;
			knownRegions = (
				en,
				Base,
			);
			mainGroup = D990F9BA21E051690082F8F8;
			productRefGroup = D990F9C421E051690082F8F8 /* Products */;
			projectDirPath = "";
			projectRoot = "";
			targets = (
				D990F9C221E051690082F8F8 /* PR_CoreData */,
			);
		};
/* End PBXProject section */

/* Begin PBXResourcesBuildPhase section */
		D990F9C121E051690082F8F8 /* Resources */ = {
			isa = PBXResourcesBuildPhase;
			buildActionMask = 2147483647;
			files = (
				D990F9D121E0516A0082F8F8 /* LaunchScreen.storyboard in Resources */,
				D990F9CE21E0516A0082F8F8 /* Assets.xcassets in Resources */,
				D990F9CC21E051690082F8F8 /* Main.storyboard in Resources */,
			);
			runOnlyForDeploymentPostprocessing = 0;
		};
/* End PBXResourcesBuildPhase section */

/* Begin PBXSourcesBuildPhase section */
		D990F9BF21E051690082F8F8 /* Sources */ = {
			isa = PBXSourcesBuildPhase;
			buildActionMask = 2147483647;
			files = (
				D990F9DA21E051CA0082F8F8 /* TestModel.xcdatamodeld in Sources */,
				D990F9C921E051690082F8F8 /* ViewController.swift in Sources */,
				D990F9C721E051690082F8F8 /* AppDelegate.swift in Sources */,
			);
			runOnlyForDeploymentPostprocessing = 0;
		};
/* End PBXSourcesBuildPhase section */

/* Begin PBXVariantGroup section */
		D990F9CA21E051690082F8F8 /* Main.storyboard */ = {
			isa = PBXVariantGroup;
			children = (
				D990F9CB21E051690082F8F8 /* Base */,
			);
			name = Main.storyboard;
			sourceTree = "<group>";
		};
		D990F9CF21E0516A0082F8F8 /* LaunchScreen.storyboard */ = {
			isa = PBXVariantGroup;
			children = (
				D990F9D021E0516A0082F8F8 /* Base */,
			);
			name = LaunchScreen.storyboard;
			sourceTree = "<group>";
		};
/* End PBXVariantGroup section */

/* Begin XCBuildConfiguration section */
		D990F9D321E0516A0082F8F8 /* Debug */ = {
			isa = XCBuildConfiguration;
			buildSettings = {
				ALWAYS_SEARCH_USER_PATHS = NO;
				CLANG_ANALYZER_NONNULL = YES;
				CLANG_ANALYZER_NUMBER_OBJECT_CONVERSION = YES_AGGRESSIVE;
				CLANG_CXX_LANGUAGE_STANDARD = "gnu++14";
				CLANG_CXX_LIBRARY = "libc++";
				CLANG_ENABLE_MODULES = YES;
				CLANG_ENABLE_OBJC_ARC = YES;
				CLANG_ENABLE_OBJC_WEAK = YES;
				CLANG_WARN_BLOCK_CAPTURE_AUTORELEASING = YES;
				CLANG_WARN_BOOL_CONVERSION = YES;
				CLANG_WARN_COMMA = YES;
				CLANG_WARN_CONSTANT_CONVERSION = YES;
				CLANG_WARN_DEPRECATED_OBJC_IMPLEMENTATIONS = YES;
				CLANG_WARN_DIRECT_OBJC_ISA_USAGE = YES_ERROR;
				CLANG_WARN_DOCUMENTATION_COMMENTS = YES;
				CLANG_WARN_EMPTY_BODY = YES;
				CLANG_WARN_ENUM_CONVERSION = YES;
				CLANG_WARN_INFINITE_RECURSION = YES;
				CLANG_WARN_INT_CONVERSION = YES;
				CLANG_WARN_NON_LITERAL_NULL_CONVERSION = YES;
				CLANG_WARN_OBJC_IMPLICIT_RETAIN_SELF = YES;
				CLANG_WARN_OBJC_LITERAL_CONVERSION = YES;
				CLANG_WARN_OBJC_ROOT_CLASS = YES_ERROR;
				CLANG_WARN_RANGE_LOOP_ANALYSIS = YES;
				CLANG_WARN_STRICT_PROTOTYPES = YES;
				CLANG_WARN_SUSPICIOUS_MOVE = YES;
				CLANG_WARN_UNGUARDED_AVAILABILITY = YES_AGGRESSIVE;
				CLANG_WARN_UNREACHABLE_CODE = YES;
				CLANG_WARN__DUPLICATE_METHOD_MATCH = YES;
				CODE_SIGN_IDENTITY = "iPhone Developer";
				COPY_PHASE_STRIP = NO;
				DEBUG_INFORMATION_FORMAT = dwarf;
				ENABLE_STRICT_OBJC_MSGSEND = YES;
				ENABLE_TESTABILITY = YES;
				GCC_C_LANGUAGE_STANDARD = gnu11;
				GCC_DYNAMIC_NO_PIC = NO;
				GCC_NO_COMMON_BLOCKS = YES;
				GCC_OPTIMIZATION_LEVEL = 0;
				GCC_PREPROCESSOR_DEFINITIONS = (
					"DEBUG=1",
					"$(inherited)",
				);
				GCC_WARN_64_TO_32_BIT_CONVERSION = YES;
				GCC_WARN_ABOUT_RETURN_TYPE = YES_ERROR;
				GCC_WARN_UNDECLARED_SELECTOR = YES;
				GCC_WARN_UNINITIALIZED_AUTOS = YES_AGGRESSIVE;
				GCC_WARN_UNUSED_FUNCTION = YES;
				GCC_WARN_UNUSED_VARIABLE = YES;
				IPHONEOS_DEPLOYMENT_TARGET = 12.1;
				MTL_ENABLE_DEBUG_INFO = INCLUDE_SOURCE;
				MTL_FAST_MATH = YES;
				ONLY_ACTIVE_ARCH = YES;
				SDKROOT = iphoneos;
				SWIFT_ACTIVE_COMPILATION_CONDITIONS = DEBUG;
				SWIFT_OPTIMIZATION_LEVEL = "-Onone";
			};
			name = Debug;
		};
		D990F9D421E0516A0082F8F8 /* Release */ = {
			isa = XCBuildConfiguration;
			buildSettings = {
				ALWAYS_SEARCH_USER_PATHS = NO;
				CLANG_ANALYZER_NONNULL = YES;
				CLANG_ANALYZER_NUMBER_OBJECT_CONVERSION = YES_AGGRESSIVE;
				CLANG_CXX_LANGUAGE_STANDARD = "gnu++14";
				CLANG_CXX_LIBRARY = "libc++";
				CLANG_ENABLE_MODULES = YES;
				CLANG_ENABLE_OBJC_ARC = YES;
				CLANG_ENABLE_OBJC_WEAK = YES;
				CLANG_WARN_BLOCK_CAPTURE_AUTORELEASING = YES;
				CLANG_WARN_BOOL_CONVERSION = YES;
				CLANG_WARN_COMMA = YES;
				CLANG_WARN_CONSTANT_CONVERSION = YES;
				CLANG_WARN_DEPRECATED_OBJC_IMPLEMENTATIONS = YES;
				CLANG_WARN_DIRECT_OBJC_ISA_USAGE = YES_ERROR;
				CLANG_WARN_DOCUMENTATION_COMMENTS = YES;
				CLANG_WARN_EMPTY_BODY = YES;
				CLANG_WARN_ENUM_CONVERSION = YES;
				CLANG_WARN_INFINITE_RECURSION = YES;
				CLANG_WARN_INT_CONVERSION = YES;
				CLANG_WARN_NON_LITERAL_NULL_CONVERSION = YES;
				CLANG_WARN_OBJC_IMPLICIT_RETAIN_SELF = YES;
				CLANG_WARN_OBJC_LITERAL_CONVERSION = YES;
				CLANG_WARN_OBJC_ROOT_CLASS = YES_ERROR;
				CLANG_WARN_RANGE_LOOP_ANALYSIS = YES;
				CLANG_WARN_STRICT_PROTOTYPES = YES;
				CLANG_WARN_SUSPICIOUS_MOVE = YES;
				CLANG_WARN_UNGUARDED_AVAILABILITY = YES_AGGRESSIVE;
				CLANG_WARN_UNREACHABLE_CODE = YES;
				CLANG_WARN__DUPLICATE_METHOD_MATCH = YES;
				CODE_SIGN_IDENTITY = "iPhone Developer";
				COPY_PHASE_STRIP = NO;
				DEBUG_INFORMATION_FORMAT = "dwarf-with-dsym";
				ENABLE_NS_ASSERTIONS = NO;
				ENABLE_STRICT_OBJC_MSGSEND = YES;
				GCC_C_LANGUAGE_STANDARD = gnu11;
				GCC_NO_COMMON_BLOCKS = YES;
				GCC_WARN_64_TO_32_BIT_CONVERSION = YES;
				GCC_WARN_ABOUT_RETURN_TYPE = YES_ERROR;
				GCC_WARN_UNDECLARED_SELECTOR = YES;
				GCC_WARN_UNINITIALIZED_AUTOS = YES_AGGRESSIVE;
				GCC_WARN_UNUSED_FUNCTION = YES;
				GCC_WARN_UNUSED_VARIABLE = YES;
				IPHONEOS_DEPLOYMENT_TARGET = 12.1;
				MTL_ENABLE_DEBUG_INFO = NO;
				MTL_FAST_MATH = YES;
				SDKROOT = iphoneos;
				SWIFT_COMPILATION_MODE = wholemodule;
				SWIFT_OPTIMIZATION_LEVEL = "-O";
				VALIDATE_PRODUCT = YES;
			};
			name = Release;
		};
		D990F9D621E0516A0082F8F8 /* Debug */ = {
			isa = XCBuildConfiguration;
			buildSettings = {
				ASSETCATALOG_COMPILER_APPICON_NAME = AppIcon;
				CODE_SIGN_STYLE = Automatic;
				INFOPLIST_FILE = PR_CoreData/Info.plist;
				LD_RUNPATH_SEARCH_PATHS = (
					"$(inherited)",
					"@executable_path/Frameworks",
				);
				PRODUCT_BUNDLE_IDENTIFIER = "com.example.PR-CoreData";
				PRODUCT_NAME = "$(TARGET_NAME)";
				SWIFT_VERSION = 4.2;
				TARGETED_DEVICE_FAMILY = "1,2";
			};
			name = Debug;
		};
		D990F9D721E0516A0082F8F8 /* Release */ = {
			isa = XCBuildConfiguration;
			buildSettings = {
				ASSETCATALOG_COMPILER_APPICON_NAME = AppIcon;
				CODE_SIGN_STYLE = Automatic;
				INFOPLIST_FILE = PR_CoreData/Info.plist;
				LD_RUNPATH_SEARCH_PATHS = (
					"$(inherited)",
					"@executable_path/Frameworks",
				);
				PRODUCT_BUNDLE_IDENTIFIER = "com.example.PR-CoreData";
				PRODUCT_NAME = "$(TARGET_NAME)";
				SWIFT_VERSION = 4.2;
				TARGETED_DEVICE_FAMILY = "1,2";
			};
			name = Release;
		};
/* End XCBuildConfiguration section */

/* Begin XCConfigurationList section */
		D990F9BE21E051690082F8F8 /* Build configuration list for PBXProject "PR_CoreData" */ = {
			isa = XCConfigurationList;
			buildConfigurations = (
				D990F9D321E0516A0082F8F8 /* Debug */,
				D990F9D421E0516A0082F8F8 /* Release */,
			);
			defaultConfigurationIsVisible = 0;
			defaultConfigurationName = Release;
		};
		D990F9D521E0516A0082F8F8 /* Build configuration list for PBXNativeTarget "PR_CoreData" */ = {
			isa = XCConfigurationList;
			buildConfigurations = (
				D990F9D621E0516A0082F8F8 /* Debug */,
				D990F9D721E0516A0082F8F8 /* Release */,
			);
			defaultConfigurationIsVisible = 0;
			defaultConfigurationName = Release;
		};
/* End XCConfigurationList section */

/* Begin XCVersionGroup section */
		D990F9D821E051CA0082F8F8 /* TestModel.xcdatamodeld */ = {
			isa = XCVersionGroup;
			children = (
				D990F9D921E051CA0082F8F8 /* TestModel.xcdatamodel */,
			);
			currentVersion = D990F9D921E051CA0082F8F8 /* TestModel.xcdatamodel */;
			path = TestModel.xcdatamodeld;
			sourceTree = "<group>";
			versionGroupType = wrapper.xcdatamodel;
		};
/* End XCVersionGroup section */
	};
	rootObject = D990F9BB21E051690082F8F8 /* Project object */;
}
