// !$*UTF8*$!
{
	archiveVersion = 1;
	classes = {
	};
	objectVersion = 51;
	objects = {

/* Begin PBXBuildFile section */
		70325B8621ACBE49858C207C /* Pods_PR_lottie.framework in Frameworks */ = {isa = PBXBuildFile; fileRef = 374F73895D1620CF0099048A /* Pods_PR_lottie.framework */; };
		D98889BF22E9B56D0075A238 /* AppDelegate.swift in Sources */ = {isa = PBXBuildFile; fileRef = D98889BE22E9B56D0075A238 /* AppDelegate.swift */; };
		D98889C122E9B56D0075A238 /* ViewController.swift in Sources */ = {isa = PBXBuildFile; fileRef = D98889C022E9B56D0075A238 /* ViewController.swift */; };
		D98889C422E9B56D0075A238 /* Main.storyboard in Resources */ = {isa = PBXBuildFile; fileRef = D98889C222E9B56D0075A238 /* Main.storyboard */; };
		D98889C622E9B56E0075A238 /* Assets.xcassets in Resources */ = {isa = PBXBuildFile; fileRef = D98889C522E9B56E0075A238 /* Assets.xcassets */; };
		D98889C922E9B56E0075A238 /* LaunchScreen.storyboard in Resources */ = {isa = PBXBuildFile; fileRef = D98889C722E9B56E0075A238 /* LaunchScreen.storyboard */; };
		D98889D122E9B6550075A238 /* AnimationViewController.swift in Sources */ = {isa = PBXBuildFile; fileRef = D98889D022E9B6550075A238 /* AnimationViewController.swift */; };
		D98889D322E9B8400075A238 /* matchingStart.json in Resources */ = {isa = PBXBuildFile; fileRef = D98889D222E9B8400075A238 /* matchingStart.json */; };
		D98889D522E9C63E0075A238 /* 7751-load.json in Resources */ = {isa = PBXBuildFile; fileRef = D98889D422E9C63E0075A238 /* 7751-load.json */; };
/* End PBXBuildFile section */

/* Begin PBXFileReference section */
		164D232FAA9948757499948E /* Pods-PR_lottie.release.xcconfig */ = {isa = PBXFileReference; includeInIndex = 1; lastKnownFileType = text.xcconfig; name = "Pods-PR_lottie.release.xcconfig"; path = "Target Support Files/Pods-PR_lottie/Pods-PR_lottie.release.xcconfig"; sourceTree = "<group>"; };
		374F73895D1620CF0099048A /* Pods_PR_lottie.framework */ = {isa = PBXFileReference; explicitFileType = wrapper.framework; includeInIndex = 0; path = Pods_PR_lottie.framework; sourceTree = BUILT_PRODUCTS_DIR; };
		D81A12C580ADFE2D913A15B9 /* Pods-PR_lottie.debug.xcconfig */ = {isa = PBXFileReference; includeInIndex = 1; lastKnownFileType = text.xcconfig; name = "Pods-PR_lottie.debug.xcconfig"; path = "Target Support Files/Pods-PR_lottie/Pods-PR_lottie.debug.xcconfig"; sourceTree = "<group>"; };
		D98889BB22E9B56D0075A238 /* PR_lottie.app */ = {isa = PBXFileReference; explicitFileType = wrapper.application; includeInIndex = 0; path = PR_lottie.app; sourceTree = BUILT_PRODUCTS_DIR; };
		D98889BE22E9B56D0075A238 /* AppDelegate.swift */ = {isa = PBXFileReference; lastKnownFileType = sourcecode.swift; path = AppDelegate.swift; sourceTree = "<group>"; };
		D98889C022E9B56D0075A238 /* ViewController.swift */ = {isa = PBXFileReference; lastKnownFileType = sourcecode.swift; path = ViewController.swift; sourceTree = "<group>"; };
		D98889C322E9B56D0075A238 /* Base */ = {isa = PBXFileReference; lastKnownFileType = file.storyboard; name = Base; path = Base.lproj/Main.storyboard; sourceTree = "<group>"; };
		D98889C522E9B56E0075A238 /* Assets.xcassets */ = {isa = PBXFileReference; lastKnownFileType = folder.assetcatalog; path = Assets.xcassets; sourceTree = "<group>"; };
		D98889C822E9B56E0075A238 /* Base */ = {isa = PBXFileReference; lastKnownFileType = file.storyboard; name = Base; path = Base.lproj/LaunchScreen.storyboard; sourceTree = "<group>"; };
		D98889CA22E9B56E0075A238 /* Info.plist */ = {isa = PBXFileReference; lastKnownFileType = text.plist.xml; path = Info.plist; sourceTree = "<group>"; };
		D98889D022E9B6550075A238 /* AnimationViewController.swift */ = {isa = PBXFileReference; lastKnownFileType = sourcecode.swift; path = AnimationViewController.swift; sourceTree = "<group>"; };
		D98889D222E9B8400075A238 /* matchingStart.json */ = {isa = PBXFileReference; fileEncoding = 4; lastKnownFileType = text.json; path = matchingStart.json; sourceTree = "<group>"; };
		D98889D422E9C63E0075A238 /* 7751-load.json */ = {isa = PBXFileReference; fileEncoding = 4; lastKnownFileType = text.json; path = "7751-load.json"; sourceTree = "<group>"; };
/* End PBXFileReference section */

/* Begin PBXFrameworksBuildPhase section */
		D98889B822E9B56D0075A238 /* Frameworks */ = {
			isa = PBXFrameworksBuildPhase;
			buildActionMask = 2147483647;
			files = (
				70325B8621ACBE49858C207C /* Pods_PR_lottie.framework in Frameworks */,
			);
			runOnlyForDeploymentPostprocessing = 0;
		};
/* End PBXFrameworksBuildPhase section */

/* Begin PBXGroup section */
		A3521B4DA069F34E3C883AAE /* Pods */ = {
			isa = PBXGroup;
			children = (
				D81A12C580ADFE2D913A15B9 /* Pods-PR_lottie.debug.xcconfig */,
				164D232FAA9948757499948E /* Pods-PR_lottie.release.xcconfig */,
			);
			path = Pods;
			sourceTree = "<group>";
		};
		C96C4B31A587E9C06758DA1C /* Frameworks */ = {
			isa = PBXGroup;
			children = (
				374F73895D1620CF0099048A /* Pods_PR_lottie.framework */,
			);
			name = Frameworks;
			sourceTree = "<group>";
		};
		D98889B222E9B56D0075A238 = {
			isa = PBXGroup;
			children = (
				D98889BD22E9B56D0075A238 /* PR_lottie */,
				D98889BC22E9B56D0075A238 /* Products */,
				A3521B4DA069F34E3C883AAE /* Pods */,
				C96C4B31A587E9C06758DA1C /* Frameworks */,
			);
			sourceTree = "<group>";
		};
		D98889BC22E9B56D0075A238 /* Products */ = {
			isa = PBXGroup;
			children = (
				D98889BB22E9B56D0075A238 /* PR_lottie.app */,
			);
			name = Products;
			sourceTree = "<group>";
		};
		D98889BD22E9B56D0075A238 /* PR_lottie */ = {
			isa = PBXGroup;
			children = (
				D98889D222E9B8400075A238 /* matchingStart.json */,
				D98889D422E9C63E0075A238 /* 7751-load.json */,
				D98889BE22E9B56D0075A238 /* AppDelegate.swift */,
				D98889C022E9B56D0075A238 /* ViewController.swift */,
				D98889D022E9B6550075A238 /* AnimationViewController.swift */,
				D98889C222E9B56D0075A238 /* Main.storyboard */,
				D98889C522E9B56E0075A238 /* Assets.xcassets */,
				D98889C722E9B56E0075A238 /* LaunchScreen.storyboard */,
				D98889CA22E9B56E0075A238 /* Info.plist */,
			);
			path = PR_lottie;
			sourceTree = "<group>";
		};
/* End PBXGroup section */

/* Begin PBXNativeTarget section */
		D98889BA22E9B56D0075A238 /* PR_lottie */ = {
			isa = PBXNativeTarget;
			buildConfigurationList = D98889CD22E9B56E0075A238 /* Build configuration list for PBXNativeTarget "PR_lottie" */;
			buildPhases = (
				343EDD2F1C83E08E818E2C34 /* [CP] Check Pods Manifest.lock */,
				D98889B722E9B56D0075A238 /* Sources */,
				D98889B822E9B56D0075A238 /* Frameworks */,
				D98889B922E9B56D0075A238 /* Resources */,
				79DF6E34F1DB36EE1DBE1C11 /* [CP] Embed Pods Frameworks */,
			);
			buildRules = (
			);
			dependencies = (
			);
			name = PR_lottie;
			productName = PR_lottie;
			productReference = D98889BB22E9B56D0075A238 /* PR_lottie.app */;
			productType = "com.apple.product-type.application";
		};
/* End PBXNativeTarget section */

/* Begin PBXProject section */
		D98889B322E9B56D0075A238 /* Project object */ = {
			isa = PBXProject;
			attributes = {
				LastSwiftUpdateCheck = 1020;
				LastUpgradeCheck = 1020;
				ORGANIZATIONNAME = onemoonStudio;
				TargetAttributes = {
					D98889BA22E9B56D0075A238 = {
						CreatedOnToolsVersion = 10.2.1;
					};
				};
			};
			buildConfigurationList = D98889B622E9B56D0075A238 /* Build configuration list for PBXProject "PR_lottie" */;
			compatibilityVersion = "Xcode 9.3";
			developmentRegion = en;
			hasScannedForEncodings = 0;
			knownRegions = (
				en,
				Base,
			);
			mainGroup = D98889B222E9B56D0075A238;
			productRefGroup = D98889BC22E9B56D0075A238 /* Products */;
			projectDirPath = "";
			projectRoot = "";
			targets = (
				D98889BA22E9B56D0075A238 /* PR_lottie */,
			);
		};
/* End PBXProject section */

/* Begin PBXResourcesBuildPhase section */
		D98889B922E9B56D0075A238 /* Resources */ = {
			isa = PBXResourcesBuildPhase;
			buildActionMask = 2147483647;
			files = (
				D98889C922E9B56E0075A238 /* LaunchScreen.storyboard in Resources */,
				D98889C622E9B56E0075A238 /* Assets.xcassets in Resources */,
				D98889C422E9B56D0075A238 /* Main.storyboard in Resources */,
				D98889D322E9B8400075A238 /* matchingStart.json in Resources */,
				D98889D522E9C63E0075A238 /* 7751-load.json in Resources */,
			);
			runOnlyForDeploymentPostprocessing = 0;
		};
/* End PBXResourcesBuildPhase section */

/* Begin PBXShellScriptBuildPhase section */
		343EDD2F1C83E08E818E2C34 /* [CP] Check Pods Manifest.lock */ = {
			isa = PBXShellScriptBuildPhase;
			buildActionMask = 2147483647;
			files = (
			);
			inputFileListPaths = (
			);
			inputPaths = (
				"${PODS_PODFILE_DIR_PATH}/Podfile.lock",
				"${PODS_ROOT}/Manifest.lock",
			);
			name = "[CP] Check Pods Manifest.lock";
			outputFileListPaths = (
			);
			outputPaths = (
				"$(DERIVED_FILE_DIR)/Pods-PR_lottie-checkManifestLockResult.txt",
			);
			runOnlyForDeploymentPostprocessing = 0;
			shellPath = /bin/sh;
			shellScript = "diff \"${PODS_PODFILE_DIR_PATH}/Podfile.lock\" \"${PODS_ROOT}/Manifest.lock\" > /dev/null\nif [ $? != 0 ] ; then\n    # print error to STDERR\n    echo \"error: The sandbox is not in sync with the Podfile.lock. Run 'pod install' or update your CocoaPods installation.\" >&2\n    exit 1\nfi\n# This output is used by Xcode 'outputs' to avoid re-running this script phase.\necho \"SUCCESS\" > \"${SCRIPT_OUTPUT_FILE_0}\"\n";
			showEnvVarsInLog = 0;
		};
		79DF6E34F1DB36EE1DBE1C11 /* [CP] Embed Pods Frameworks */ = {
			isa = PBXShellScriptBuildPhase;
			buildActionMask = 2147483647;
			files = (
			);
			inputFileListPaths = (
				"${PODS_ROOT}/Target Support Files/Pods-PR_lottie/Pods-PR_lottie-frameworks-${CONFIGURATION}-input-files.xcfilelist",
			);
			name = "[CP] Embed Pods Frameworks";
			outputFileListPaths = (
				"${PODS_ROOT}/Target Support Files/Pods-PR_lottie/Pods-PR_lottie-frameworks-${CONFIGURATION}-output-files.xcfilelist",
			);
			runOnlyForDeploymentPostprocessing = 0;
			shellPath = /bin/sh;
			shellScript = "\"${PODS_ROOT}/Target Support Files/Pods-PR_lottie/Pods-PR_lottie-frameworks.sh\"\n";
			showEnvVarsInLog = 0;
		};
/* End PBXShellScriptBuildPhase section */

/* Begin PBXSourcesBuildPhase section */
		D98889B722E9B56D0075A238 /* Sources */ = {
			isa = PBXSourcesBuildPhase;
			buildActionMask = 2147483647;
			files = (
				D98889D122E9B6550075A238 /* AnimationViewController.swift in Sources */,
				D98889C122E9B56D0075A238 /* ViewController.swift in Sources */,
				D98889BF22E9B56D0075A238 /* AppDelegate.swift in Sources */,
			);
			runOnlyForDeploymentPostprocessing = 0;
		};
/* End PBXSourcesBuildPhase section */

/* Begin PBXVariantGroup section */
		D98889C222E9B56D0075A238 /* Main.storyboard */ = {
			isa = PBXVariantGroup;
			children = (
				D98889C322E9B56D0075A238 /* Base */,
			);
			name = Main.storyboard;
			sourceTree = "<group>";
		};
		D98889C722E9B56E0075A238 /* LaunchScreen.storyboard */ = {
			isa = PBXVariantGroup;
			children = (
				D98889C822E9B56E0075A238 /* Base */,
			);
			name = LaunchScreen.storyboard;
			sourceTree = "<group>";
		};
/* End PBXVariantGroup section */

/* Begin XCBuildConfiguration section */
		D98889CB22E9B56E0075A238 /* Debug */ = {
			isa = XCBuildConfiguration;
			buildSettings = {
				ALWAYS_SEARCH_USER_PATHS = NO;
				CLANG_ANALYZER_NONNULL = YES;
				CLANG_ANALYZER_NUMBER_OBJECT_CONVERSION = YES_AGGRESSIVE;
				CLANG_CXX_LANGUAGE_STANDARD = "gnu++14";
				CLANG_CXX_LIBRARY = "libc++";
				CLANG_ENABLE_MODULES = YES;
				CLANG_ENABLE_OBJC_ARC = YES;
				CLANG_ENABLE_OBJC_WEAK = YES;
				CLANG_WARN_BLOCK_CAPTURE_AUTORELEASING = YES;
				CLANG_WARN_BOOL_CONVERSION = YES;
				CLANG_WARN_COMMA = YES;
				CLANG_WARN_CONSTANT_CONVERSION = YES;
				CLANG_WARN_DEPRECATED_OBJC_IMPLEMENTATIONS = YES;
				CLANG_WARN_DIRECT_OBJC_ISA_USAGE = YES_ERROR;
				CLANG_WARN_DOCUMENTATION_COMMENTS = YES;
				CLANG_WARN_EMPTY_BODY = YES;
				CLANG_WARN_ENUM_CONVERSION = YES;
				CLANG_WARN_INFINITE_RECURSION = YES;
				CLANG_WARN_INT_CONVERSION = YES;
				CLANG_WARN_NON_LITERAL_NULL_CONVERSION = YES;
				CLANG_WARN_OBJC_IMPLICIT_RETAIN_SELF = YES;
				CLANG_WARN_OBJC_LITERAL_CONVERSION = YES;
				CLANG_WARN_OBJC_ROOT_CLASS = YES_ERROR;
				CLANG_WARN_RANGE_LOOP_ANALYSIS = YES;
				CLANG_WARN_STRICT_PROTOTYPES = YES;
				CLANG_WARN_SUSPICIOUS_MOVE = YES;
				CLANG_WARN_UNGUARDED_AVAILABILITY = YES_AGGRESSIVE;
				CLANG_WARN_UNREACHABLE_CODE = YES;
				CLANG_WARN__DUPLICATE_METHOD_MATCH = YES;
				CODE_SIGN_IDENTITY = "iPhone Developer";
				COPY_PHASE_STRIP = NO;
				DEBUG_INFORMATION_FORMAT = dwarf;
				ENABLE_STRICT_OBJC_MSGSEND = YES;
				ENABLE_TESTABILITY = YES;
				GCC_C_LANGUAGE_STANDARD = gnu11;
				GCC_DYNAMIC_NO_PIC = NO;
				GCC_NO_COMMON_BLOCKS = YES;
				GCC_OPTIMIZATION_LEVEL = 0;
				GCC_PREPROCESSOR_DEFINITIONS = (
					"DEBUG=1",
					"$(inherited)",
				);
				GCC_WARN_64_TO_32_BIT_CONVERSION = YES;
				GCC_WARN_ABOUT_RETURN_TYPE = YES_ERROR;
				GCC_WARN_UNDECLARED_SELECTOR = YES;
				GCC_WARN_UNINITIALIZED_AUTOS = YES_AGGRESSIVE;
				GCC_WARN_UNUSED_FUNCTION = YES;
				GCC_WARN_UNUSED_VARIABLE = YES;
				IPHONEOS_DEPLOYMENT_TARGET = 12.2;
				MTL_ENABLE_DEBUG_INFO = INCLUDE_SOURCE;
				MTL_FAST_MATH = YES;
				ONLY_ACTIVE_ARCH = YES;
				SDKROOT = iphoneos;
				SWIFT_ACTIVE_COMPILATION_CONDITIONS = DEBUG;
				SWIFT_OPTIMIZATION_LEVEL = "-Onone";
			};
			name = Debug;
		};
		D98889CC22E9B56E0075A238 /* Release */ = {
			isa = XCBuildConfiguration;
			buildSettings = {
				ALWAYS_SEARCH_USER_PATHS = NO;
				CLANG_ANALYZER_NONNULL = YES;
				CLANG_ANALYZER_NUMBER_OBJECT_CONVERSION = YES_AGGRESSIVE;
				CLANG_CXX_LANGUAGE_STANDARD = "gnu++14";
				CLANG_CXX_LIBRARY = "libc++";
				CLANG_ENABLE_MODULES = YES;
				CLANG_ENABLE_OBJC_ARC = YES;
				CLANG_ENABLE_OBJC_WEAK = YES;
				CLANG_WARN_BLOCK_CAPTURE_AUTORELEASING = YES;
				CLANG_WARN_BOOL_CONVERSION = YES;
				CLANG_WARN_COMMA = YES;
				CLANG_WARN_CONSTANT_CONVERSION = YES;
				CLANG_WARN_DEPRECATED_OBJC_IMPLEMENTATIONS = YES;
				CLANG_WARN_DIRECT_OBJC_ISA_USAGE = YES_ERROR;
				CLANG_WARN_DOCUMENTATION_COMMENTS = YES;
				CLANG_WARN_EMPTY_BODY = YES;
				CLANG_WARN_ENUM_CONVERSION = YES;
				CLANG_WARN_INFINITE_RECURSION = YES;
				CLANG_WARN_INT_CONVERSION = YES;
				CLANG_WARN_NON_LITERAL_NULL_CONVERSION = YES;
				CLANG_WARN_OBJC_IMPLICIT_RETAIN_SELF = YES;
				CLANG_WARN_OBJC_LITERAL_CONVERSION = YES;
				CLANG_WARN_OBJC_ROOT_CLASS = YES_ERROR;
				CLANG_WARN_RANGE_LOOP_ANALYSIS = YES;
				CLANG_WARN_STRICT_PROTOTYPES = YES;
				CLANG_WARN_SUSPICIOUS_MOVE = YES;
				CLANG_WARN_UNGUARDED_AVAILABILITY = YES_AGGRESSIVE;
				CLANG_WARN_UNREACHABLE_CODE = YES;
				CLANG_WARN__DUPLICATE_METHOD_MATCH = YES;
				CODE_SIGN_IDENTITY = "iPhone Developer";
				COPY_PHASE_STRIP = NO;
				DEBUG_INFORMATION_FORMAT = "dwarf-with-dsym";
				ENABLE_NS_ASSERTIONS = NO;
				ENABLE_STRICT_OBJC_MSGSEND = YES;
				GCC_C_LANGUAGE_STANDARD = gnu11;
				GCC_NO_COMMON_BLOCKS = YES;
				GCC_WARN_64_TO_32_BIT_CONVERSION = YES;
				GCC_WARN_ABOUT_RETURN_TYPE = YES_ERROR;
				GCC_WARN_UNDECLARED_SELECTOR = YES;
				GCC_WARN_UNINITIALIZED_AUTOS = YES_AGGRESSIVE;
				GCC_WARN_UNUSED_FUNCTION = YES;
				GCC_WARN_UNUSED_VARIABLE = YES;
				IPHONEOS_DEPLOYMENT_TARGET = 12.2;
				MTL_ENABLE_DEBUG_INFO = NO;
				MTL_FAST_MATH = YES;
				SDKROOT = iphoneos;
				SWIFT_COMPILATION_MODE = wholemodule;
				SWIFT_OPTIMIZATION_LEVEL = "-O";
				VALIDATE_PRODUCT = YES;
			};
			name = Release;
		};
		D98889CE22E9B56E0075A238 /* Debug */ = {
			isa = XCBuildConfiguration;
			baseConfigurationReference = D81A12C580ADFE2D913A15B9 /* Pods-PR_lottie.debug.xcconfig */;
			buildSettings = {
				ASSETCATALOG_COMPILER_APPICON_NAME = AppIcon;
				CODE_SIGN_STYLE = Automatic;
				DEVELOPMENT_TEAM = 74HR8KDU73;
				INFOPLIST_FILE = PR_lottie/Info.plist;
				LD_RUNPATH_SEARCH_PATHS = (
					"$(inherited)",
					"@executable_path/Frameworks",
				);
				PRODUCT_BUNDLE_IDENTIFIER = "com.onemoon.studio.PR-lottie";
				PRODUCT_NAME = "$(TARGET_NAME)";
				SWIFT_VERSION = 5.0;
				TARGETED_DEVICE_FAMILY = "1,2";
			};
			name = Debug;
		};
		D98889CF22E9B56E0075A238 /* Release */ = {
			isa = XCBuildConfiguration;
			baseConfigurationReference = 164D232FAA9948757499948E /* Pods-PR_lottie.release.xcconfig */;
			buildSettings = {
				ASSETCATALOG_COMPILER_APPICON_NAME = AppIcon;
				CODE_SIGN_STYLE = Automatic;
				DEVELOPMENT_TEAM = 74HR8KDU73;
				INFOPLIST_FILE = PR_lottie/Info.plist;
				LD_RUNPATH_SEARCH_PATHS = (
					"$(inherited)",
					"@executable_path/Frameworks",
				);
				PRODUCT_BUNDLE_IDENTIFIER = "com.onemoon.studio.PR-lottie";
				PRODUCT_NAME = "$(TARGET_NAME)";
				SWIFT_VERSION = 5.0;
				TARGETED_DEVICE_FAMILY = "1,2";
			};
			name = Release;
		};
/* End XCBuildConfiguration section */

/* Begin XCConfigurationList section */
		D98889B622E9B56D0075A238 /* Build configuration list for PBXProject "PR_lottie" */ = {
			isa = XCConfigurationList;
			buildConfigurations = (
				D98889CB22E9B56E0075A238 /* Debug */,
				D98889CC22E9B56E0075A238 /* Release */,
			);
			defaultConfigurationIsVisible = 0;
			defaultConfigurationName = Release;
		};
		D98889CD22E9B56E0075A238 /* Build configuration list for PBXNativeTarget "PR_lottie" */ = {
			isa = XCConfigurationList;
			buildConfigurations = (
				D98889CE22E9B56E0075A238 /* Debug */,
				D98889CF22E9B56E0075A238 /* Release */,
			);
			defaultConfigurationIsVisible = 0;
			defaultConfigurationName = Release;
		};
/* End XCConfigurationList section */
	};
	rootObject = D98889B322E9B56D0075A238 /* Project object */;
}
